// !$*UTF8*$!
{
	archiveVersion = 1;
	classes = {
	};
	objectVersion = 56;
	objects = {

/* Begin PBXBuildFile section */
		A10A6718296DB759008A6655 /* ModelEndPoint.swift in Sources */ = {isa = PBXBuildFile; fileRef = A10A6717296DB759008A6655 /* ModelEndPoint.swift */; };
		A10A671A296DBDC2008A6655 /* ModelIngredients.swift in Sources */ = {isa = PBXBuildFile; fileRef = A10A6719296DBDC2008A6655 /* ModelIngredients.swift */; };
		A10A671C296DBEE7008A6655 /* ModelSpells.swift in Sources */ = {isa = PBXBuildFile; fileRef = A10A671B296DBEE7008A6655 /* ModelSpells.swift */; };
		A10A671E296DC309008A6655 /* MenuViewModels.swift in Sources */ = {isa = PBXBuildFile; fileRef = A10A671D296DC309008A6655 /* MenuViewModels.swift */; };
		A180FF99296D8C63002A36B9 /* AppDelegate.swift in Sources */ = {isa = PBXBuildFile; fileRef = A180FF98296D8C63002A36B9 /* AppDelegate.swift */; };
		A180FF9B296D8C63002A36B9 /* SceneDelegate.swift in Sources */ = {isa = PBXBuildFile; fileRef = A180FF9A296D8C63002A36B9 /* SceneDelegate.swift */; };
		A180FF9D296D8C63002A36B9 /* ViewController.swift in Sources */ = {isa = PBXBuildFile; fileRef = A180FF9C296D8C63002A36B9 /* ViewController.swift */; };
		A180FFA0296D8C63002A36B9 /* Main.storyboard in Resources */ = {isa = PBXBuildFile; fileRef = A180FF9E296D8C63002A36B9 /* Main.storyboard */; };
		A180FFA2296D8C64002A36B9 /* Assets.xcassets in Resources */ = {isa = PBXBuildFile; fileRef = A180FFA1296D8C64002A36B9 /* Assets.xcassets */; };
		A180FFA5296D8C64002A36B9 /* LaunchScreen.storyboard in Resources */ = {isa = PBXBuildFile; fileRef = A180FFA3296D8C64002A36B9 /* LaunchScreen.storyboard */; };
		A180FFAE296D8FAD002A36B9 /* ModelElixirs.swift in Sources */ = {isa = PBXBuildFile; fileRef = A180FFAD296D8FAD002A36B9 /* ModelElixirs.swift */; };
		A180FFB0296D908F002A36B9 /* TableViewController.swift in Sources */ = {isa = PBXBuildFile; fileRef = A180FFAF296D908F002A36B9 /* TableViewController.swift */; };
		A180FFB3296D90D5002A36B9 /* Alamofire in Frameworks */ = {isa = PBXBuildFile; productRef = A180FFB2296D90D5002A36B9 /* Alamofire */; };
		A180FFB6296D90F2002A36B9 /* RequestViewModel.swift in Sources */ = {isa = PBXBuildFile; fileRef = A180FFB5296D90F2002A36B9 /* RequestViewModel.swift */; };
		A1ABBC7B296ECC0F002CD6B5 /* ModelWizard.swift in Sources */ = {isa = PBXBuildFile; fileRef = A1ABBC7A296ECC0F002CD6B5 /* ModelWizard.swift */; };
		A1ABBC7D296ECDBC002CD6B5 /* ModelHouse.swift in Sources */ = {isa = PBXBuildFile; fileRef = A1ABBC7C296ECDBC002CD6B5 /* ModelHouse.swift */; };
/* End PBXBuildFile section */

/* Begin PBXFileReference section */
		A10A6717296DB759008A6655 /* ModelEndPoint.swift */ = {isa = PBXFileReference; lastKnownFileType = sourcecode.swift; path = ModelEndPoint.swift; sourceTree = "<group>"; };
		A10A6719296DBDC2008A6655 /* ModelIngredients.swift */ = {isa = PBXFileReference; lastKnownFileType = sourcecode.swift; path = ModelIngredients.swift; sourceTree = "<group>"; };
		A10A671B296DBEE7008A6655 /* ModelSpells.swift */ = {isa = PBXFileReference; lastKnownFileType = sourcecode.swift; path = ModelSpells.swift; sourceTree = "<group>"; };
		A10A671D296DC309008A6655 /* MenuViewModels.swift */ = {isa = PBXFileReference; lastKnownFileType = sourcecode.swift; path = MenuViewModels.swift; sourceTree = "<group>"; };
		A180FF95296D8C63002A36B9 /* Wizzard Word.app */ = {isa = PBXFileReference; explicitFileType = wrapper.application; includeInIndex = 0; path = "Wizzard Word.app"; sourceTree = BUILT_PRODUCTS_DIR; };
		A180FF98296D8C63002A36B9 /* AppDelegate.swift */ = {isa = PBXFileReference; lastKnownFileType = sourcecode.swift; path = AppDelegate.swift; sourceTree = "<group>"; };
		A180FF9A296D8C63002A36B9 /* SceneDelegate.swift */ = {isa = PBXFileReference; lastKnownFileType = sourcecode.swift; path = SceneDelegate.swift; sourceTree = "<group>"; };
		A180FF9C296D8C63002A36B9 /* ViewController.swift */ = {isa = PBXFileReference; lastKnownFileType = sourcecode.swift; path = ViewController.swift; sourceTree = "<group>"; };
		A180FF9F296D8C63002A36B9 /* Base */ = {isa = PBXFileReference; lastKnownFileType = file.storyboard; name = Base; path = Base.lproj/Main.storyboard; sourceTree = "<group>"; };
		A180FFA1296D8C64002A36B9 /* Assets.xcassets */ = {isa = PBXFileReference; lastKnownFileType = folder.assetcatalog; path = Assets.xcassets; sourceTree = "<group>"; };
		A180FFA4296D8C64002A36B9 /* Base */ = {isa = PBXFileReference; lastKnownFileType = file.storyboard; name = Base; path = Base.lproj/LaunchScreen.storyboard; sourceTree = "<group>"; };
		A180FFA6296D8C64002A36B9 /* Info.plist */ = {isa = PBXFileReference; lastKnownFileType = text.plist.xml; path = Info.plist; sourceTree = "<group>"; };
		A180FFAD296D8FAD002A36B9 /* ModelElixirs.swift */ = {isa = PBXFileReference; lastKnownFileType = sourcecode.swift; path = ModelElixirs.swift; sourceTree = "<group>"; };
		A180FFAF296D908F002A36B9 /* TableViewController.swift */ = {isa = PBXFileReference; lastKnownFileType = sourcecode.swift; path = TableViewController.swift; sourceTree = "<group>"; wrapsLines = 1; };
		A180FFB5296D90F2002A36B9 /* RequestViewModel.swift */ = {isa = PBXFileReference; lastKnownFileType = sourcecode.swift; path = RequestViewModel.swift; sourceTree = "<group>"; };
		A1ABBC7A296ECC0F002CD6B5 /* ModelWizard.swift */ = {isa = PBXFileReference; lastKnownFileType = sourcecode.swift; path = ModelWizard.swift; sourceTree = "<group>"; };
		A1ABBC7C296ECDBC002CD6B5 /* ModelHouse.swift */ = {isa = PBXFileReference; lastKnownFileType = sourcecode.swift; path = ModelHouse.swift; sourceTree = "<group>"; };
/* End PBXFileReference section */

/* Begin PBXFrameworksBuildPhase section */
		A180FF92296D8C63002A36B9 /* Frameworks */ = {
			isa = PBXFrameworksBuildPhase;
			buildActionMask = 2147483647;
			files = (
				A180FFB3296D90D5002A36B9 /* Alamofire in Frameworks */,
			);
			runOnlyForDeploymentPostprocessing = 0;
		};
/* End PBXFrameworksBuildPhase section */

/* Begin PBXGroup section */
		A10A671F296DCAAA008A6655 /* ViewController */ = {
			isa = PBXGroup;
			children = (
				A180FFAF296D908F002A36B9 /* TableViewController.swift */,
				A180FF9C296D8C63002A36B9 /* ViewController.swift */,
			);
			path = ViewController;
			sourceTree = "<group>";
		};
		A180FF8C296D8C63002A36B9 = {
			isa = PBXGroup;
			children = (
				A180FF97296D8C63002A36B9 /* Wizzard Word */,
				A180FF96296D8C63002A36B9 /* Products */,
			);
			sourceTree = "<group>";
		};
		A180FF96296D8C63002A36B9 /* Products */ = {
			isa = PBXGroup;
			children = (
				A180FF95296D8C63002A36B9 /* Wizzard Word.app */,
			);
			name = Products;
			sourceTree = "<group>";
		};
		A180FF97296D8C63002A36B9 /* Wizzard Word */ = {
			isa = PBXGroup;
			children = (
				A10A671F296DCAAA008A6655 /* ViewController */,
				A180FFB4296D90DF002A36B9 /* ViewModels */,
				A180FFAC296D8F66002A36B9 /* Models */,
				A180FF98296D8C63002A36B9 /* AppDelegate.swift */,
				A180FF9A296D8C63002A36B9 /* SceneDelegate.swift */,
				A180FF9E296D8C63002A36B9 /* Main.storyboard */,
				A180FFA1296D8C64002A36B9 /* Assets.xcassets */,
				A180FFA3296D8C64002A36B9 /* LaunchScreen.storyboard */,
				A180FFA6296D8C64002A36B9 /* Info.plist */,
			);
			path = "Wizzard Word";
			sourceTree = "<group>";
		};
		A180FFAC296D8F66002A36B9 /* Models */ = {
			isa = PBXGroup;
			children = (
				A180FFAD296D8FAD002A36B9 /* ModelElixirs.swift */,
				A10A6717296DB759008A6655 /* ModelEndPoint.swift */,
				A10A6719296DBDC2008A6655 /* ModelIngredients.swift */,
				A10A671B296DBEE7008A6655 /* ModelSpells.swift */,
				A1ABBC7A296ECC0F002CD6B5 /* ModelWizard.swift */,
				A1ABBC7C296ECDBC002CD6B5 /* ModelHouse.swift */,
			);
			path = Models;
			sourceTree = "<group>";
		};
		A180FFB4296D90DF002A36B9 /* ViewModels */ = {
			isa = PBXGroup;
			children = (
				A180FFB5296D90F2002A36B9 /* RequestViewModel.swift */,
				A10A671D296DC309008A6655 /* MenuViewModels.swift */,
			);
			path = ViewModels;
			sourceTree = "<group>";
		};
/* End PBXGroup section */

/* Begin PBXNativeTarget section */
		A180FF94296D8C63002A36B9 /* Wizzard Word */ = {
			isa = PBXNativeTarget;
			buildConfigurationList = A180FFA9296D8C64002A36B9 /* Build configuration list for PBXNativeTarget "Wizzard Word" */;
			buildPhases = (
				A180FF91296D8C63002A36B9 /* Sources */,
				A180FF92296D8C63002A36B9 /* Frameworks */,
				A180FF93296D8C63002A36B9 /* Resources */,
			);
			buildRules = (
			);
			dependencies = (
			);
			name = "Wizzard Word";
			packageProductDependencies = (
				A180FFB2296D90D5002A36B9 /* Alamofire */,
			);
			productName = "Wizzard Word";
			productReference = A180FF95296D8C63002A36B9 /* Wizzard Word.app */;
			productType = "com.apple.product-type.application";
		};
/* End PBXNativeTarget section */

/* Begin PBXProject section */
		A180FF8D296D8C63002A36B9 /* Project object */ = {
			isa = PBXProject;
			attributes = {
				BuildIndependentTargetsInParallel = 1;
				LastSwiftUpdateCheck = 1420;
				LastUpgradeCheck = 1420;
				TargetAttributes = {
					A180FF94296D8C63002A36B9 = {
						CreatedOnToolsVersion = 14.2;
					};
				};
			};
			buildConfigurationList = A180FF90296D8C63002A36B9 /* Build configuration list for PBXProject "Wizzard Word" */;
			compatibilityVersion = "Xcode 14.0";
			developmentRegion = en;
			hasScannedForEncodings = 0;
			knownRegions = (
				en,
				Base,
			);
			mainGroup = A180FF8C296D8C63002A36B9;
			packageReferences = (
				A180FFB1296D90D5002A36B9 /* XCRemoteSwiftPackageReference "Alamofire" */,
			);
			productRefGroup = A180FF96296D8C63002A36B9 /* Products */;
			projectDirPath = "";
			projectRoot = "";
			targets = (
				A180FF94296D8C63002A36B9 /* Wizzard Word */,
			);
		};
/* End PBXProject section */

/* Begin PBXResourcesBuildPhase section */
		A180FF93296D8C63002A36B9 /* Resources */ = {
			isa = PBXResourcesBuildPhase;
			buildActionMask = 2147483647;
			files = (
				A180FFA5296D8C64002A36B9 /* LaunchScreen.storyboard in Resources */,
				A180FFA2296D8C64002A36B9 /* Assets.xcassets in Resources */,
				A180FFA0296D8C63002A36B9 /* Main.storyboard in Resources */,
			);
			runOnlyForDeploymentPostprocessing = 0;
		};
/* End PBXResourcesBuildPhase section */

/* Begin PBXSourcesBuildPhase section */
		A180FF91296D8C63002A36B9 /* Sources */ = {
			isa = PBXSourcesBuildPhase;
			buildActionMask = 2147483647;
			files = (
				A180FF9D296D8C63002A36B9 /* ViewController.swift in Sources */,
				A10A671E296DC309008A6655 /* MenuViewModels.swift in Sources */,
				A180FF99296D8C63002A36B9 /* AppDelegate.swift in Sources */,
				A180FFAE296D8FAD002A36B9 /* ModelElixirs.swift in Sources */,
				A1ABBC7D296ECDBC002CD6B5 /* ModelHouse.swift in Sources */,
				A1ABBC7B296ECC0F002CD6B5 /* ModelWizard.swift in Sources */,
				A180FFB0296D908F002A36B9 /* TableViewController.swift in Sources */,
				A180FF9B296D8C63002A36B9 /* SceneDelegate.swift in Sources */,
				A180FFB6296D90F2002A36B9 /* RequestViewModel.swift in Sources */,
				A10A671A296DBDC2008A6655 /* ModelIngredients.swift in Sources */,
				A10A671C296DBEE7008A6655 /* ModelSpells.swift in Sources */,
				A10A6718296DB759008A6655 /* ModelEndPoint.swift in Sources */,
			);
			runOnlyForDeploymentPostprocessing = 0;
		};
/* End PBXSourcesBuildPhase section */

/* Begin PBXVariantGroup section */
		A180FF9E296D8C63002A36B9 /* Main.storyboard */ = {
			isa = PBXVariantGroup;
			children = (
				A180FF9F296D8C63002A36B9 /* Base */,
			);
			name = Main.storyboard;
			sourceTree = "<group>";
		};
		A180FFA3296D8C64002A36B9 /* LaunchScreen.storyboard */ = {
			isa = PBXVariantGroup;
			children = (
				A180FFA4296D8C64002A36B9 /* Base */,
			);
			name = LaunchScreen.storyboard;
			sourceTree = "<group>";
		};
/* End PBXVariantGroup section */

/* Begin XCBuildConfiguration section */
		A180FFA7296D8C64002A36B9 /* Debug */ = {
			isa = XCBuildConfiguration;
			buildSettings = {
				ALWAYS_SEARCH_USER_PATHS = NO;
				CLANG_ANALYZER_NONNULL = YES;
				CLANG_ANALYZER_NUMBER_OBJECT_CONVERSION = YES_AGGRESSIVE;
				CLANG_CXX_LANGUAGE_STANDARD = "gnu++20";
				CLANG_ENABLE_MODULES = YES;
				CLANG_ENABLE_OBJC_ARC = YES;
				CLANG_ENABLE_OBJC_WEAK = YES;
				CLANG_WARN_BLOCK_CAPTURE_AUTORELEASING = YES;
				CLANG_WARN_BOOL_CONVERSION = YES;
				CLANG_WARN_COMMA = YES;
				CLANG_WARN_CONSTANT_CONVERSION = YES;
				CLANG_WARN_DEPRECATED_OBJC_IMPLEMENTATIONS = YES;
				CLANG_WARN_DIRECT_OBJC_ISA_USAGE = YES_ERROR;
				CLANG_WARN_DOCUMENTATION_COMMENTS = YES;
				CLANG_WARN_EMPTY_BODY = YES;
				CLANG_WARN_ENUM_CONVERSION = YES;
				CLANG_WARN_INFINITE_RECURSION = YES;
				CLANG_WARN_INT_CONVERSION = YES;
				CLANG_WARN_NON_LITERAL_NULL_CONVERSION = YES;
				CLANG_WARN_OBJC_IMPLICIT_RETAIN_SELF = YES;
				CLANG_WARN_OBJC_LITERAL_CONVERSION = YES;
				CLANG_WARN_OBJC_ROOT_CLASS = YES_ERROR;
				CLANG_WARN_QUOTED_INCLUDE_IN_FRAMEWORK_HEADER = YES;
				CLANG_WARN_RANGE_LOOP_ANALYSIS = YES;
				CLANG_WARN_STRICT_PROTOTYPES = YES;
				CLANG_WARN_SUSPICIOUS_MOVE = YES;
				CLANG_WARN_UNGUARDED_AVAILABILITY = YES_AGGRESSIVE;
				CLANG_WARN_UNREACHABLE_CODE = YES;
				CLANG_WARN__DUPLICATE_METHOD_MATCH = YES;
				COPY_PHASE_STRIP = NO;
				DEBUG_INFORMATION_FORMAT = dwarf;
				ENABLE_STRICT_OBJC_MSGSEND = YES;
				ENABLE_TESTABILITY = YES;
				GCC_C_LANGUAGE_STANDARD = gnu11;
				GCC_DYNAMIC_NO_PIC = NO;
				GCC_NO_COMMON_BLOCKS = YES;
				GCC_OPTIMIZATION_LEVEL = 0;
				GCC_PREPROCESSOR_DEFINITIONS = (
					"DEBUG=1",
					"$(inherited)",
				);
				GCC_WARN_64_TO_32_BIT_CONVERSION = YES;
				GCC_WARN_ABOUT_RETURN_TYPE = YES_ERROR;
				GCC_WARN_UNDECLARED_SELECTOR = YES;
				GCC_WARN_UNINITIALIZED_AUTOS = YES_AGGRESSIVE;
				GCC_WARN_UNUSED_FUNCTION = YES;
				GCC_WARN_UNUSED_VARIABLE = YES;
				IPHONEOS_DEPLOYMENT_TARGET = 16.2;
				MTL_ENABLE_DEBUG_INFO = INCLUDE_SOURCE;
				MTL_FAST_MATH = YES;
				ONLY_ACTIVE_ARCH = YES;
				SDKROOT = iphoneos;
				SWIFT_ACTIVE_COMPILATION_CONDITIONS = DEBUG;
				SWIFT_OPTIMIZATION_LEVEL = "-Onone";
			};
			name = Debug;
		};
		A180FFA8296D8C64002A36B9 /* Release */ = {
			isa = XCBuildConfiguration;
			buildSettings = {
				ALWAYS_SEARCH_USER_PATHS = NO;
				CLANG_ANALYZER_NONNULL = YES;
				CLANG_ANALYZER_NUMBER_OBJECT_CONVERSION = YES_AGGRESSIVE;
				CLANG_CXX_LANGUAGE_STANDARD = "gnu++20";
				CLANG_ENABLE_MODULES = YES;
				CLANG_ENABLE_OBJC_ARC = YES;
				CLANG_ENABLE_OBJC_WEAK = YES;
				CLANG_WARN_BLOCK_CAPTURE_AUTORELEASING = YES;
				CLANG_WARN_BOOL_CONVERSION = YES;
				CLANG_WARN_COMMA = YES;
				CLANG_WARN_CONSTANT_CONVERSION = YES;
				CLANG_WARN_DEPRECATED_OBJC_IMPLEMENTATIONS = YES;
				CLANG_WARN_DIRECT_OBJC_ISA_USAGE = YES_ERROR;
				CLANG_WARN_DOCUMENTATION_COMMENTS = YES;
				CLANG_WARN_EMPTY_BODY = YES;
				CLANG_WARN_ENUM_CONVERSION = YES;
				CLANG_WARN_INFINITE_RECURSION = YES;
				CLANG_WARN_INT_CONVERSION = YES;
				CLANG_WARN_NON_LITERAL_NULL_CONVERSION = YES;
				CLANG_WARN_OBJC_IMPLICIT_RETAIN_SELF = YES;
				CLANG_WARN_OBJC_LITERAL_CONVERSION = YES;
				CLANG_WARN_OBJC_ROOT_CLASS = YES_ERROR;
				CLANG_WARN_QUOTED_INCLUDE_IN_FRAMEWORK_HEADER = YES;
				CLANG_WARN_RANGE_LOOP_ANALYSIS = YES;
				CLANG_WARN_STRICT_PROTOTYPES = YES;
				CLANG_WARN_SUSPICIOUS_MOVE = YES;
				CLANG_WARN_UNGUARDED_AVAILABILITY = YES_AGGRESSIVE;
				CLANG_WARN_UNREACHABLE_CODE = YES;
				CLANG_WARN__DUPLICATE_METHOD_MATCH = YES;
				COPY_PHASE_STRIP = NO;
				DEBUG_INFORMATION_FORMAT = "dwarf-with-dsym";
				ENABLE_NS_ASSERTIONS = NO;
				ENABLE_STRICT_OBJC_MSGSEND = YES;
				GCC_C_LANGUAGE_STANDARD = gnu11;
				GCC_NO_COMMON_BLOCKS = YES;
				GCC_WARN_64_TO_32_BIT_CONVERSION = YES;
				GCC_WARN_ABOUT_RETURN_TYPE = YES_ERROR;
				GCC_WARN_UNDECLARED_SELECTOR = YES;
				GCC_WARN_UNINITIALIZED_AUTOS = YES_AGGRESSIVE;
				GCC_WARN_UNUSED_FUNCTION = YES;
				GCC_WARN_UNUSED_VARIABLE = YES;
				IPHONEOS_DEPLOYMENT_TARGET = 16.2;
				MTL_ENABLE_DEBUG_INFO = NO;
				MTL_FAST_MATH = YES;
				SDKROOT = iphoneos;
				SWIFT_COMPILATION_MODE = wholemodule;
				SWIFT_OPTIMIZATION_LEVEL = "-O";
				VALIDATE_PRODUCT = YES;
			};
			name = Release;
		};
		A180FFAA296D8C64002A36B9 /* Debug */ = {
			isa = XCBuildConfiguration;
			buildSettings = {
				ASSETCATALOG_COMPILER_APPICON_NAME = AppIcon;
				ASSETCATALOG_COMPILER_GLOBAL_ACCENT_COLOR_NAME = AccentColor;
				CODE_SIGN_STYLE = Automatic;
				CURRENT_PROJECT_VERSION = 1;
				GENERATE_INFOPLIST_FILE = YES;
				INFOPLIST_FILE = "Wizzard Word/Info.plist";
				INFOPLIST_KEY_UIApplicationSupportsIndirectInputEvents = YES;
				INFOPLIST_KEY_UILaunchStoryboardName = LaunchScreen;
				INFOPLIST_KEY_UIMainStoryboardFile = Main;
				INFOPLIST_KEY_UISupportedInterfaceOrientations_iPad = "UIInterfaceOrientationPortrait UIInterfaceOrientationPortraitUpsideDown UIInterfaceOrientationLandscapeLeft UIInterfaceOrientationLandscapeRight";
				INFOPLIST_KEY_UISupportedInterfaceOrientations_iPhone = "UIInterfaceOrientationPortrait UIInterfaceOrientationLandscapeLeft UIInterfaceOrientationLandscapeRight";
				LD_RUNPATH_SEARCH_PATHS = (
					"$(inherited)",
					"@executable_path/Frameworks",
				);
				MARKETING_VERSION = 1.0;
				PRODUCT_BUNDLE_IDENTIFIER = "Vinicius.Wizzard-World";
				PRODUCT_NAME = "$(TARGET_NAME)";
				SWIFT_EMIT_LOC_STRINGS = YES;
				SWIFT_VERSION = 5.0;
				TARGETED_DEVICE_FAMILY = "1,2";
			};
			name = Debug;
		};
		A180FFAB296D8C64002A36B9 /* Release */ = {
			isa = XCBuildConfiguration;
			buildSettings = {
				ASSETCATALOG_COMPILER_APPICON_NAME = AppIcon;
				ASSETCATALOG_COMPILER_GLOBAL_ACCENT_COLOR_NAME = AccentColor;
				CODE_SIGN_STYLE = Automatic;
				CURRENT_PROJECT_VERSION = 1;
				GENERATE_INFOPLIST_FILE = YES;
				INFOPLIST_FILE = "Wizzard Word/Info.plist";
				INFOPLIST_KEY_UIApplicationSupportsIndirectInputEvents = YES;
				INFOPLIST_KEY_UILaunchStoryboardName = LaunchScreen;
				INFOPLIST_KEY_UIMainStoryboardFile = Main;
				INFOPLIST_KEY_UISupportedInterfaceOrientations_iPad = "UIInterfaceOrientationPortrait UIInterfaceOrientationPortraitUpsideDown UIInterfaceOrientationLandscapeLeft UIInterfaceOrientationLandscapeRight";
				INFOPLIST_KEY_UISupportedInterfaceOrientations_iPhone = "UIInterfaceOrientationPortrait UIInterfaceOrientationLandscapeLeft UIInterfaceOrientationLandscapeRight";
				LD_RUNPATH_SEARCH_PATHS = (
					"$(inherited)",
					"@executable_path/Frameworks",
				);
				MARKETING_VERSION = 1.0;
				PRODUCT_BUNDLE_IDENTIFIER = "Vinicius.Wizzard-World";
				PRODUCT_NAME = "$(TARGET_NAME)";
				SWIFT_EMIT_LOC_STRINGS = YES;
				SWIFT_VERSION = 5.0;
				TARGETED_DEVICE_FAMILY = "1,2";
			};
			name = Release;
		};
/* End XCBuildConfiguration section */

/* Begin XCConfigurationList section */
		A180FF90296D8C63002A36B9 /* Build configuration list for PBXProject "Wizzard Word" */ = {
			isa = XCConfigurationList;
			buildConfigurations = (
				A180FFA7296D8C64002A36B9 /* Debug */,
				A180FFA8296D8C64002A36B9 /* Release */,
			);
			defaultConfigurationIsVisible = 0;
			defaultConfigurationName = Release;
		};
		A180FFA9296D8C64002A36B9 /* Build configuration list for PBXNativeTarget "Wizzard Word" */ = {
			isa = XCConfigurationList;
			buildConfigurations = (
				A180FFAA296D8C64002A36B9 /* Debug */,
				A180FFAB296D8C64002A36B9 /* Release */,
			);
			defaultConfigurationIsVisible = 0;
			defaultConfigurationName = Release;
		};
/* End XCConfigurationList section */

/* Begin XCRemoteSwiftPackageReference section */
		A180FFB1296D90D5002A36B9 /* XCRemoteSwiftPackageReference "Alamofire" */ = {
			isa = XCRemoteSwiftPackageReference;
			repositoryURL = "https://github.com/Alamofire/Alamofire.git";
			requirement = {
				kind = exactVersion;
				version = 5.6.2;
			};
		};
/* End XCRemoteSwiftPackageReference section */

/* Begin XCSwiftPackageProductDependency section */
		A180FFB2296D90D5002A36B9 /* Alamofire */ = {
			isa = XCSwiftPackageProductDependency;
			package = A180FFB1296D90D5002A36B9 /* XCRemoteSwiftPackageReference "Alamofire" */;
			productName = Alamofire;
		};
/* End XCSwiftPackageProductDependency section */
	};
	rootObject = A180FF8D296D8C63002A36B9 /* Project object */;
}
